
Microsoft Visual Studio Solution File, Format Version 12.00
# Visual Studio Version 17
VisualStudioVersion = 17.7.34221.43
MinimumVisualStudioVersion = 10.0.40219.1
Project("{FAE04EC0-301F-11D3-BF4B-00C04F79EFBC}") = "POSSystem", "POSSystem\POSSystem.csproj", "{87A46119-70BD-4BEE-9063-F000EEC8940A}"
EndProject
Global
	GlobalSection(SolutionConfigurationPlatforms) = preSolution
		Debug|Any CPU = Debug|Any CPU
		Release|Any CPU = Release|Any CPU
	EndGlobalSection
	GlobalSection(ProjectConfigurationPlatforms) = postSolution
		{87A46119-70BD-4BEE-9063-F000EEC8940A}.Debug|Any CPU.ActiveCfg = Debug|Any CPU
		{87A46119-70BD-4BEE-9063-F000EEC8940A}.Debug|Any CPU.Build.0 = Debug|Any CPU
		{87A46119-70BD-4BEE-9063-F000EEC8940A}.Release|Any CPU.ActiveCfg = Release|Any CPU
		{87A46119-70BD-4BEE-9063-F000EEC8940A}.Release|Any CPU.Build.0 = Release|Any CPU
	EndGlobalSection
	GlobalSection(SolutionProperties) = preSolution
		HideSolutionNode = FALSE
	EndGlobalSection
	GlobalSection(ExtensibilityGlobals) = postSolution
		SolutionGuid = {2A593B1B-AFDC-4413-903D-A438BB2950B9}
	EndGlobalSection
EndGlobal
